version = 1
revision = 3
requires-python = ">=3.10"

[[package]]
name = "flash-deck"
version = "1.0.0"
source = { virtual = "." }
dependencies = [
    { name = "pyqt5" },
    { name = "pyqtwebengine" },
]

[package.metadata]
requires-dist = [
    { name = "pyqt5", specifier = ">=5.15.10" },
    { name = "pyqtwebengine", specifier = ">=5.15.6" },
]

[[package]]
name = "pyqt5"
version = "5.15.11"
source = { registry = "https://pypi.org/simple" }
dependencies = [
    { name = "pyqt5-qt5" },
    { name = "pyqt5-sip" },
]
sdist = { url = "https://files.pythonhosted.org/packages/0e/07/c9ed0bd428df6f87183fca565a79fee19fa7c88c7f00a7f011ab4379e77a/PyQt5-5.15.11.tar.gz", hash = "sha256:fda45743ebb4a27b4b1a51c6d8ef455c4c1b5d610c90d2934c7802b5c1557c52", size = 3216775, upload-time = "2024-07-19T08:39:57.756Z" }
wheels = [
    { url = "https://files.pythonhosted.org/packages/11/64/42ec1b0bd72d87f87bde6ceb6869f444d91a2d601f2e67cd05febc0346a1/PyQt5-5.15.11-cp38-abi3-macosx_11_0_arm64.whl", hash = "sha256:c8b03dd9380bb13c804f0bdb0f4956067f281785b5e12303d529f0462f9afdc2", size = 6579776, upload-time = "2024-07-19T08:39:19.775Z" },
    { url = "https://files.pythonhosted.org/packages/49/f5/3fb696f4683ea45d68b7e77302eff173493ac81e43d63adb60fa760b9f91/PyQt5-5.15.11-cp38-abi3-macosx_11_0_x86_64.whl", hash = "sha256:6cd75628f6e732b1ffcfe709ab833a0716c0445d7aec8046a48d5843352becb6", size = 7016415, upload-time = "2024-07-19T08:39:32.977Z" },
    { url = "https://files.pythonhosted.org/packages/b4/8c/4065950f9d013c4b2e588fe33cf04e564c2322842d84dbcbce5ba1dc28b0/PyQt5-5.15.11-cp38-abi3-manylinux_2_17_x86_64.whl", hash = "sha256:cd672a6738d1ae33ef7d9efa8e6cb0a1525ecf53ec86da80a9e1b6ec38c8d0f1", size = 8188103, upload-time = "2024-07-19T08:39:40.561Z" },
    { url = "https://files.pythonhosted.org/packages/f3/f0/ae5a5b4f9b826b29ea4be841b2f2d951bcf5ae1d802f3732b145b57c5355/PyQt5-5.15.11-cp38-abi3-win32.whl", hash = "sha256:76be0322ceda5deecd1708a8d628e698089a1cea80d1a49d242a6d579a40babd", size = 5433308, upload-time = "2024-07-19T08:39:46.932Z" },
    { url = "https://files.pythonhosted.org/packages/56/d5/68eb9f3d19ce65df01b6c7b7a577ad3bbc9ab3a5dd3491a4756e71838ec9/PyQt5-5.15.11-cp38-abi3-win_amd64.whl", hash = "sha256:bdde598a3bb95022131a5c9ea62e0a96bd6fb28932cc1619fd7ba211531b7517", size = 6865864, upload-time = "2024-07-19T08:39:53.572Z" },
]

[[package]]
name = "pyqt5-qt5"
version = "5.15.19"
source = { registry = "https://pypi.org/simple" }
wheels = [
    { url = "https://files.pythonhosted.org/packages/06/af/c0e00d353cad261ee9ccd5f6039b7ef4e09a1cb9a22c6a4b233854f6fa30/pyqt5_qt5-5.15.19-py3-none-macosx_10_13_x86_64.whl", hash = "sha256:cac6b78e4805848c25979a0622660251070781b6b4f810688a960cb44d1ae5a2", size = 39777655, upload-time = "2026-05-21T09:12:43.94Z" },
    { url = "https://files.pythonhosted.org/packages/1c/d0/fd4876b90bbadaa92444ff452ab78d9ba839014a6d303e77d29c0c591631/pyqt5_qt5-5.15.19-py3-none-macosx_11_0_arm64.whl", hash = "sha256:66fa299dcdea1f430edbd6f6ca3dcb20430f19c508d13e3aa851d19034b7be7e", size = 36838788, upload-time = "2026-05-21T09:12:59.334Z" },
    { url = "https://files.pythonhosted.org/packages/de/a0/dd9889ed9bf100d6d8b9d608b2689dc2a7f871f9489a0c563a8cf78c329f/pyqt5_qt5-5.15.19-py3-none-manylinux2014_x86_64.whl", hash = "sha256:31421d9c31fb29a8faee4b8b3c32658fb51a9e8c4c708075121162fa44faf80e", size = 60933242, upload-time = "2026-05-21T09:13:16.308Z" },
]

[[package]]
name = "pyqt5-sip"
version = "12.19.0"
source = { registry = "https://pypi.org/simple" }
sdist = { url = "https://files.pythonhosted.org/packages/0d/9d/5179b8e619fe084218a87f963f1648cba4c5aa5bb98dd5661d2cbb9eb1e4/pyqt5_sip-12.19.0.tar.gz", hash = "sha256:71cacf1879da2cd3e50cb239e21673cfe02d358af70ab6768817c960428868c3", size = 105525, upload-time = "2026-08-02T12:04:00.159Z" }
wheels = [
    { url = "https://files.pythonhosted.org/packages/fc/03/21627785d27b6d4103705a72a7c40860b7ba99992a1fd0f346558ff30481/pyqt5_sip-12.19.0-cp310-cp310-macosx_10_9_universal2.whl", hash = "sha256:d3d1348235e0b2e01c962d14d5fe410b962ae49ee2cfaac5c66fe5f1edd50487", size = 122026, upload-time = "2026-08-02T12:03:37.984Z" },
    { url = "https://files.pythonhosted.org/packages/89/3f/9c2d2c29ceb74fc209e3019164a8253652c7ab1d4c84449d7108def2988e/pyqt5_sip-12.19.0-cp310-cp310-manylinux_2_5_x86_64.manylinux1_x86_64.whl", hash = "sha256:ec8d8cbada7a92a8ab5994503ee6f6274b41c4ecbb7d60ebf858450ba5e1cc01", size = 270938, upload-time = "2026-08-02T12:03:39.389Z" },
    { url = "https://files.pythonhosted.org/packages/15/c8/d5ae96c01988e6d409d02d497b3d5c4be71b9b897e7b56387695cdf8afa3/pyqt5_sip-12.19.0-cp310-cp310-win32.whl", hash = "sha256:92df9d2ddf99d3a8a3fab6736077cc8d0531be4db4d8ff01d03ce6e0b07e00bf", size = 49094, upload-time = "2026-08-02T12:03:41.808Z" },
    { url = "https://files.pythonhosted.org/packages/de/44/5f012c4a604f146d64765b2cec6416e002164e161e0c91948ddcedb7d73f/pyqt5_sip-12.19.0-cp310-cp310-win_amd64.whl", hash = "sha256:0a7ca72b06a98e4456d7f5a25e741064fb0d6f7c5d0f7302fd41384e2ec9e1c5", size = 58623, upload-time = "2026-08-02T12:03:40.642Z" },
    { url = "https://files.pythonhosted.org/packages/6f/da/d43402843851c08d165cba013e095e98c4db55e152f12a6d8d7444709d87/pyqt5_sip-12.19.0-cp311-cp311-macosx_10_9_universal2.whl", hash = "sha256:b29e97d6aacbdc3535f17f83d11d6bd95abb0e36865a250c3d1c14719bb2f1b4", size = 122038, upload-time = "2026-08-02T12:03:42.833Z" },
    { url = "https://files.pythonhosted.org/packages/37/10/14d06676c8d4a31a6e1b6270ff64c2900bfe000d59cd3302a4091f0d11ee/pyqt5_sip-12.19.0-cp311-cp311-manylinux_2_5_x86_64.manylinux1_x86_64.whl", hash = "sha256:40ed8341b7c6681d102708b65acbccf0c26908189bfa2e05e180a3b515296a87", size = 276024, upload-time = "2026-08-02T12:03:43.916Z" },
    { url = "https://files.pythonhosted.org/packages/f5/d4/7656a7f67ed9c3fbb7949fb06aebb7ea97f7799eebecfe641f26a13b67a4/pyqt5_sip-12.19.0-cp311-cp311-win32.whl", hash = "sha256:3d8a08fad1bc89e083d712378af4fddee9f6102cd4254e6a5c0ad7055a09670a", size = 49103, upload-time = "2026-08-02T12:03:46.084Z" },
    { url = "https://files.pythonhosted.org/packages/ff/4d/18a1df8e6f71f5f4f9d280b9eebef04004b5c762d379c30ac948e38a3a37/pyqt5_sip-12.19.0-cp311-cp311-win_amd64.whl", hash = "sha256:f01cd36afef40bd0d81d0d98ff125112ce0df725b936d9eee3f1be1cc7e96e91", size = 58615, upload-time = "2026-08-02T12:03:45.173Z" },
    { url = "https://files.pythonhosted.org/packages/bf/0c/d3475b2f91d724d87e7bd43193521fd452b025c29c28308c00c8e8b82cbb/pyqt5_sip-12.19.0-cp312-cp312-macosx_10_9_universal2.whl", hash = "sha256:6f7cd8a868f20fe450b6d17016ff0b0e0c8fecf32d620dcbf319a2174cbcad00", size = 123909, upload-time = "2026-08-02T12:03:47.123Z" },
    { url = "https://files.pythonhosted.org/packages/f5/77/c54440a7a22f0e04dbbc4246d5896ecba7192551134f5978b559361d3d79/pyqt5_sip-12.19.0-cp312-cp312-manylinux_2_5_x86_64.manylinux1_x86_64.whl", hash = "sha256:3c5e0da86b5ae71b7acf2134e15fc8734a129549119cade25accddb3f28cb950", size = 280996, upload-time = "2026-08-02T12:03:48.082Z" },
    { url = "https://files.pythonhosted.org/packages/46/a5/cfe850c1f01ef9ac25392a27ec4ea6ee2fa8bec59ac04aab9fb4bf3ff78c/pyqt5_sip-12.19.0-cp312-cp312-win32.whl", hash = "sha256:aa94140b8f8255f87f85b55a471b0cabfd6c8a41a752a6d3f3d3f34942b8ee3d", size = 49403, upload-time = "2026-08-02T12:03:50.184Z" },
    { url = "https://files.pythonhosted.org/packages/9b/27/096f0c79c1b894baf8584350f0ed5f033ff639778c91204cfd3066fe155a/pyqt5_sip-12.19.0-cp312-cp312-win_amd64.whl", hash = "sha256:628f58e13d47bd7f1a002c0c1d874b5ad7e5644c10d9334c7de4b91b001f6607", size = 57830, upload-time = "2026-08-02T12:03:49.266Z" },
    { url = "https://files.pythonhosted.org/packages/1c/b0/f83b10aab1f80ccad93971b73bd9c40e21119be045329f7e77996fb0d308/pyqt5_sip-12.19.0-cp313-cp313-macosx_10_13_universal2.whl", hash = "sha256:a50aacf432f62e288af179040aea7bf79571f7671a89ac7064d7224a3734c22b", size = 123874, upload-time = "2026-08-02T12:03:51.079Z" },
    { url = "https://files.pythonhosted.org/packages/ea/9e/8b4f2ff7bbd118ea97a9e957642e19fd861e120e4b7ee7a183680794fc04/pyqt5_sip-12.19.0-cp313-cp313-manylinux_2_5_x86_64.manylinux1_x86_64.whl", hash = "sha256:16f31c35b767e45c017ce3966a48a57ff6e9a3cf9317b1e5bb71ac3cf3718e6b", size = 280634, upload-time = "2026-08-02T12:03:52.4Z" },
    { url = "https://files.pythonhosted.org/packages/e3/46/f2da292eff6915bd20b741e2b0196eb1eb3aaa31fe1049bfab46689be156/pyqt5_sip-12.19.0-cp313-cp313-win32.whl", hash = "sha256:2de029b867c725f3bc5806d7640ab48696abd4e9e044cf5e26dc958dec9233b8", size = 49389, upload-time = "2026-08-02T12:03:54.518Z" },
    { url = "https://files.pythonhosted.org/packages/4a/56/7421bdea297cf98c33562721e69137711784d8743ec5311dae406a191f5c/pyqt5_sip-12.19.0-cp313-cp313-win_amd64.whl", hash = "sha256:ab5f4753a67663ba773babf7d32d1c4a447740aa0acdc5f33d385b70952d8cc5", size = 57880, upload-time = "2026-08-02T12:03:53.493Z" },
    { url = "https://files.pythonhosted.org/packages/d3/33/15e15147c4b51428c9bc139d454e2e799bc9b396d2642b4fcf97b213a777/pyqt5_sip-12.19.0-cp314-cp314-macosx_10_15_universal2.whl", hash = "sha256:2cee6450c8646b40fd8f9e75b0a340b6dfc652a4bfec338cf126b66ac61d5638", size = 123767, upload-time = "2026-08-02T12:03:55.657Z" },
    { url = "https://files.pythonhosted.org/packages/6c/57/5ea1422a4f9c745c864aa26907121e63bd91c5b4706b7b772b4c573b89d8/pyqt5_sip-12.19.0-cp314-cp314-manylinux_2_5_x86_64.manylinux1_x86_64.whl", hash = "sha256:e7bef99160b0b812be12789b5febe005ca8ed07e4804df32f0a9dbd0f747e32e", size = 281569, upload-time = "2026-08-02T12:03:56.934Z" },
    { url = "https://files.pythonhosted.org/packages/37/76/42d055c9671cac4807118d43d5823517712ec911da8322c5b1c63e9bab97/pyqt5_sip-12.19.0-cp314-cp314-win32.whl", hash = "sha256:b7a651db2339f81831050029e5363aa7adb6873ac7002e786dc07782538da6cd", size = 50601, upload-time = "2026-08-02T12:03:59.212Z" },
    { url = "https://files.pythonhosted.org/packages/a0/14/8a053f71df81a02c843afd50157020eb86a8f748698eab087b4716a40aca/pyqt5_sip-12.19.0-cp314-cp314-win_amd64.whl", hash = "sha256:4058fcb39306719c79c5c52da45208093b11c2c92c09eb2f77b950b12a5a87c2", size = 59279, upload-time = "2026-08-02T12:03:58.296Z" },
]

[[package]]
name = "pyqtwebengine"
version = "5.15.7"
source = { registry = "https://pypi.org/simple" }
dependencies = [
    { name = "pyqt5" },
    { name = "pyqt5-sip" },
    { name = "pyqtwebengine-qt5" },
]
sdist = { url = "https://files.pythonhosted.org/packages/18/e8/19a00646866e950307f8cd73841575cdb92800ae14837d5821bcbb91392c/PyQtWebEngine-5.15.7.tar.gz", hash = "sha256:f121ac6e4a2f96ac289619bcfc37f64e68362f24a346553f5d6c42efa4228a4d", size = 32223, upload-time = "2024-07-19T08:44:48.6Z" }
wheels = [
    { url = "https://files.pythonhosted.org/packages/2e/3d/8961b3bb00c0979280a1a160c745e1d543b4d5823f8a71dfa370898b5699/PyQtWebEngine-5.15.7-cp38-abi3-macosx_11_0_arm64.whl", hash = "sha256:e17187d9a3db3bab041f31385ed72832312557fefc5bd63ae4692df306dc1572", size = 181029, upload-time = "2024-07-19T08:44:31.266Z" },
    { url = "https://files.pythonhosted.org/packages/8e/c7/82bdc50b44f505a87e6a9d7f4a4d017c8e2f06b9f3ab8f661adff00b95c6/PyQtWebEngine-5.15.7-cp38-abi3-macosx_11_0_x86_64.whl", hash = "sha256:021814af1ff7d8be447c5314891cd4ddc931deae393dc2d38a816569aa0eb8cd", size = 187313, upload-time = "2024-07-19T08:44:43.002Z" },
    { url = "https://files.pythonhosted.org/packages/ea/a0/b36e7d6f0cd69b7dd58f0d733188e100115c5fce1c0606ad84bf35ef7ceb/PyQtWebEngine-5.15.7-cp38-abi3-manylinux_2_17_x86_64.whl", hash = "sha256:965461ca0cf414e03bd510a9a0e2ea36dc21deaa7fc4a631be4a1f2aa0327179", size = 227640, upload-time = "2024-07-19T08:44:44.236Z" },
    { url = "https://files.pythonhosted.org/packages/54/b9/0e68e30cec6a02d8d27c7663de77460156c5342848e2f72424e577c66eaf/PyQtWebEngine-5.15.7-cp38-abi3-win32.whl", hash = "sha256:c0680527b1af3e0145ce5e0f2ba2156ff0b4b38844392cf0ddd37ede6a9edeab", size = 160980, upload-time = "2024-07-19T08:44:45.482Z" },
    { url = "https://files.pythonhosted.org/packages/39/67/0dead50889d905fc99f40e61e5ab7f73746605ce8f74c4fa7fb3fc1d6c5e/PyQtWebEngine-5.15.7-cp38-abi3-win_amd64.whl", hash = "sha256:bd5e8c426d6f6b352cd15800d64a89b2a4a11e098460b818c7bdcf5e5612e44f", size = 184657, upload-time = "2024-07-19T08:44:47.066Z" },
]

[[package]]
name = "pyqtwebengine-qt5"
version = "5.15.19"
source = { registry = "https://pypi.org/simple" }
wheels = [
    { url = "https://files.pythonhosted.org/packages/9d/e9/7523de0122699b8019e10942921fccbe06d3dc4f2f50aec2d1f232bfe208/pyqtwebengine_qt5-5.15.19-py3-none-macosx_10_13_x86_64.whl", hash = "sha256:f267eca7e5db7341a97e8dada244a74cb5e1ea0b41feff8efd10c93395f29729", size = 74876066, upload-time = "2026-05-21T09:14:03.523Z" },
    { url = "https://files.pythonhosted.org/packages/6c/a0/119d8be390b561539dccedc7135ddac8ac303c54dad8ea45fd163f58d288/pyqtwebengine_qt5-5.15.19-py3-none-macosx_11_0_arm64.whl", hash = "sha256:0b164a7de87a6c1abcf920dd155c9494f2a9b7ecd54d05ca4aaa1ebc157634c4", size = 66611267, upload-time = "2026-05-21T09:14:22.125Z" },
    { url = "https://files.pythonhosted.org/packages/34/d1/a796d0e3931d2744e56a01bf048b0e1908472da9f92bf4236f28eea5ae3e/pyqtwebengine_qt5-5.15.19-py3-none-manylinux2014_x86_64.whl", hash = "sha256:2e3d9809076919ee2b4751be55e67882b3e86e06928ab6bb0d581a1342da0fda", size = 90634763, upload-time = "2026-05-21T09:14:47.189Z" },
]
